
Microsoft Visual Studio Solution File, Format Version 12.00
# Visual Studio Version 17
VisualStudioVersion = 17.9.34607.119
MinimumVisualStudioVersion = 10.0.40219.1
Project("{FAE04EC0-301F-11D3-BF4B-00C04F79EFBC}") = "SysInventario.AccesoADatos", "SysInventario.AccesoADatos\SysInventario.AccesoADatos.csproj", "{B1F94345-6EC2-4DDB-8895-EB421451645E}"
EndProject
Project("{FAE04EC0-301F-11D3-BF4B-00C04F79EFBC}") = "SysInventario.EntidadDeNegocio", "SysInventario.EntidadDeNegocio\SysInventario.EntidadDeNegocio.csproj", "{90052764-33D5-42A7-9DD6-E8C113524BF8}"
EndProject
Project("{FAE04EC0-301F-11D3-BF4B-00C04F79EFBC}") = "SysInventario.LogicaDeNegocio", "SysInventario.LogicaDeNegocio\SysInventario.LogicaDeNegocio.csproj", "{3C1CCA05-34B9-4C67-8F1B-2BE818C93C7C}"
EndProject
Global
	GlobalSection(SolutionConfigurationPlatforms) = preSolution
		Debug|Any CPU = Debug|Any CPU
		Release|Any CPU = Release|Any CPU
	EndGlobalSection
	GlobalSection(ProjectConfigurationPlatforms) = postSolution
		{B1F94345-6EC2-4DDB-8895-EB421451645E}.Debug|Any CPU.ActiveCfg = Debug|Any CPU
		{B1F94345-6EC2-4DDB-8895-EB421451645E}.Debug|Any CPU.Build.0 = Debug|Any CPU
		{B1F94345-6EC2-4DDB-8895-EB421451645E}.Release|Any CPU.ActiveCfg = Release|Any CPU
		{B1F94345-6EC2-4DDB-8895-EB421451645E}.Release|Any CPU.Build.0 = Release|Any CPU
		{90052764-33D5-42A7-9DD6-E8C113524BF8}.Debug|Any CPU.ActiveCfg = Debug|Any CPU
		{90052764-33D5-42A7-9DD6-E8C113524BF8}.Debug|Any CPU.Build.0 = Debug|Any CPU
		{90052764-33D5-42A7-9DD6-E8C113524BF8}.Release|Any CPU.ActiveCfg = Release|Any CPU
		{90052764-33D5-42A7-9DD6-E8C113524BF8}.Release|Any CPU.Build.0 = Release|Any CPU
		{3C1CCA05-34B9-4C67-8F1B-2BE818C93C7C}.Debug|Any CPU.ActiveCfg = Debug|Any CPU
		{3C1CCA05-34B9-4C67-8F1B-2BE818C93C7C}.Debug|Any CPU.Build.0 = Debug|Any CPU
		{3C1CCA05-34B9-4C67-8F1B-2BE818C93C7C}.Release|Any CPU.ActiveCfg = Release|Any CPU
		{3C1CCA05-34B9-4C67-8F1B-2BE818C93C7C}.Release|Any CPU.Build.0 = Release|Any CPU
	EndGlobalSection
	GlobalSection(SolutionProperties) = preSolution
		HideSolutionNode = FALSE
	EndGlobalSection
	GlobalSection(ExtensibilityGlobals) = postSolution
		SolutionGuid = {9BD78BF1-6DE1-4CC4-84F0-DC8CAC8700CD}
	EndGlobalSection
EndGlobal
